
Microsoft Visual Studio Solution File, Format Version 12.00
# Visual Studio Version 17
VisualStudioVersion = 17.14.36408.4
MinimumVisualStudioVersion = 10.0.40219.1
Project("{FAE04EC0-301F-11D3-BF4B-00C04F79EFBC}") = "Assignment One", "Assignment One\Assignment One.csproj", "{A4733F62-187A-4F5A-BC00-EB51746FD967}"
EndProject
Project("{FAE04EC0-301F-11D3-BF4B-00C04F79EFBC}") = "Assignment Two", "Assignment Two\Assignment Two.csproj", "{091B4070-4F01-4D4A-A93A-64A01E20C404}"
EndProject
Project("{FAE04EC0-301F-11D3-BF4B-00C04F79EFBC}") = "Assignment Three", "Assignment Three\Assignment Three.csproj", "{B8F95B03-362F-485B-A88B-C47F035F9F16}"
EndProject
Project("{FAE04EC0-301F-11D3-BF4B-00C04F79EFBC}") = "Assignment Four", "Assignment Four\Assignment Four.csproj", "{0F4CD362-FC30-4487-BB29-9374338C8A19}"
EndProject
Project("{FAE04EC0-301F-11D3-BF4B-00C04F79EFBC}") = "Assignment Five", "Assignment Five\Assignment Five.csproj", "{E20A68B2-6173-4664-A7AC-28B2FE5F0F41}"
EndProject
Global
	GlobalSection(SolutionConfigurationPlatforms) = preSolution
		Debug|Any CPU = Debug|Any CPU
		Release|Any CPU = Release|Any CPU
	EndGlobalSection
	GlobalSection(ProjectConfigurationPlatforms) = postSolution
		{A4733F62-187A-4F5A-BC00-EB51746FD967}.Debug|Any CPU.ActiveCfg = Debug|Any CPU
		{A4733F62-187A-4F5A-BC00-EB51746FD967}.Debug|Any CPU.Build.0 = Debug|Any CPU
		{A4733F62-187A-4F5A-BC00-EB51746FD967}.Release|Any CPU.ActiveCfg = Release|Any CPU
		{A4733F62-187A-4F5A-BC00-EB51746FD967}.Release|Any CPU.Build.0 = Release|Any CPU
		{091B4070-4F01-4D4A-A93A-64A01E20C404}.Debug|Any CPU.ActiveCfg = Debug|Any CPU
		{091B4070-4F01-4D4A-A93A-64A01E20C404}.Debug|Any CPU.Build.0 = Debug|Any CPU
		{091B4070-4F01-4D4A-A93A-64A01E20C404}.Release|Any CPU.ActiveCfg = Release|Any CPU
		{091B4070-4F01-4D4A-A93A-64A01E20C404}.Release|Any CPU.Build.0 = Release|Any CPU
		{B8F95B03-362F-485B-A88B-C47F035F9F16}.Debug|Any CPU.ActiveCfg = Debug|Any CPU
		{B8F95B03-362F-485B-A88B-C47F035F9F16}.Debug|Any CPU.Build.0 = Debug|Any CPU
		{B8F95B03-362F-485B-A88B-C47F035F9F16}.Release|Any CPU.ActiveCfg = Release|Any CPU
		{B8F95B03-362F-485B-A88B-C47F035F9F16}.Release|Any CPU.Build.0 = Release|Any CPU
		{0F4CD362-FC30-4487-BB29-9374338C8A19}.Debug|Any CPU.ActiveCfg = Debug|Any CPU
		{0F4CD362-FC30-4487-BB29-9374338C8A19}.Debug|Any CPU.Build.0 = Debug|Any CPU
		{0F4CD362-FC30-4487-BB29-9374338C8A19}.Release|Any CPU.ActiveCfg = Release|Any CPU
		{0F4CD362-FC30-4487-BB29-9374338C8A19}.Release|Any CPU.Build.0 = Release|Any CPU
		{E20A68B2-6173-4664-A7AC-28B2FE5F0F41}.Debug|Any CPU.ActiveCfg = Debug|Any CPU
		{E20A68B2-6173-4664-A7AC-28B2FE5F0F41}.Debug|Any CPU.Build.0 = Debug|Any CPU
		{E20A68B2-6173-4664-A7AC-28B2FE5F0F41}.Release|Any CPU.ActiveCfg = Release|Any CPU
		{E20A68B2-6173-4664-A7AC-28B2FE5F0F41}.Release|Any CPU.Build.0 = Release|Any CPU
	EndGlobalSection
	GlobalSection(SolutionProperties) = preSolution
		HideSolutionNode = FALSE
	EndGlobalSection
	GlobalSection(ExtensibilityGlobals) = postSolution
		SolutionGuid = {7275EF35-DCDE-4656-AE72-DC0AA8CCD553}
	EndGlobalSection
EndGlobal
