
Microsoft Visual Studio Solution File, Format Version 12.00
# Visual Studio Version 17
VisualStudioVersion = 17.14.36301.6
MinimumVisualStudioVersion = 10.0.40219.1
Project("{FAE04EC0-301F-11D3-BF4B-00C04F79EFBC}") = "Task", "Task.csproj", "{C6F2B68B-BFC9-4D88-BA78-44E79A42F86E}"
EndProject
Project("{FAE04EC0-301F-11D3-BF4B-00C04F79EFBC}") = "Session_2_Demo", "..\Session_2_Demo\Session_2_Demo.csproj", "{42EC283E-AB5A-4433-B24D-228B6D6C3C6D}"
EndProject
Project("{FAE04EC0-301F-11D3-BF4B-00C04F79EFBC}") = "Session_1_Demo", "..\Session_1_Demo\Session_1_Demo.csproj", "{70C1CF11-E574-4686-9C09-5500C865154D}"
EndProject
Global
	GlobalSection(SolutionConfigurationPlatforms) = preSolution
		Debug|Any CPU = Debug|Any CPU
		Release|Any CPU = Release|Any CPU
	EndGlobalSection
	GlobalSection(ProjectConfigurationPlatforms) = postSolution
		{C6F2B68B-BFC9-4D88-BA78-44E79A42F86E}.Debug|Any CPU.ActiveCfg = Debug|Any CPU
		{C6F2B68B-BFC9-4D88-BA78-44E79A42F86E}.Debug|Any CPU.Build.0 = Debug|Any CPU
		{C6F2B68B-BFC9-4D88-BA78-44E79A42F86E}.Release|Any CPU.ActiveCfg = Release|Any CPU
		{C6F2B68B-BFC9-4D88-BA78-44E79A42F86E}.Release|Any CPU.Build.0 = Release|Any CPU
		{42EC283E-AB5A-4433-B24D-228B6D6C3C6D}.Debug|Any CPU.ActiveCfg = Debug|Any CPU
		{42EC283E-AB5A-4433-B24D-228B6D6C3C6D}.Debug|Any CPU.Build.0 = Debug|Any CPU
		{42EC283E-AB5A-4433-B24D-228B6D6C3C6D}.Release|Any CPU.ActiveCfg = Release|Any CPU
		{42EC283E-AB5A-4433-B24D-228B6D6C3C6D}.Release|Any CPU.Build.0 = Release|Any CPU
		{70C1CF11-E574-4686-9C09-5500C865154D}.Debug|Any CPU.ActiveCfg = Debug|Any CPU
		{70C1CF11-E574-4686-9C09-5500C865154D}.Debug|Any CPU.Build.0 = Debug|Any CPU
		{70C1CF11-E574-4686-9C09-5500C865154D}.Release|Any CPU.ActiveCfg = Release|Any CPU
		{70C1CF11-E574-4686-9C09-5500C865154D}.Release|Any CPU.Build.0 = Release|Any CPU
	EndGlobalSection
	GlobalSection(SolutionProperties) = preSolution
		HideSolutionNode = FALSE
	EndGlobalSection
	GlobalSection(ExtensibilityGlobals) = postSolution
		SolutionGuid = {93DB5655-3909-408E-A4BE-82A0EA8AE6F0}
	EndGlobalSection
EndGlobal
