
Microsoft Visual Studio Solution File, Format Version 12.00
# Visual Studio Version 17
VisualStudioVersion = 17.14.36408.4 d17.14
MinimumVisualStudioVersion = 10.0.40219.1
Project("{FAE04EC0-301F-11D3-BF4B-00C04F79EFBC}") = "Test", "Test\Test.csproj", "{4C38CE8D-C553-4203-8626-4600C865B8AC}"
EndProject
Global
	GlobalSection(SolutionConfigurationPlatforms) = preSolution
		Debug|Any CPU = Debug|Any CPU
		Release|Any CPU = Release|Any CPU
	EndGlobalSection
	GlobalSection(ProjectConfigurationPlatforms) = postSolution
		{4C38CE8D-C553-4203-8626-4600C865B8AC}.Debug|Any CPU.ActiveCfg = Debug|Any CPU
		{4C38CE8D-C553-4203-8626-4600C865B8AC}.Debug|Any CPU.Build.0 = Debug|Any CPU
		{4C38CE8D-C553-4203-8626-4600C865B8AC}.Release|Any CPU.ActiveCfg = Release|Any CPU
		{4C38CE8D-C553-4203-8626-4600C865B8AC}.Release|Any CPU.Build.0 = Release|Any CPU
	EndGlobalSection
	GlobalSection(SolutionProperties) = preSolution
		HideSolutionNode = FALSE
	EndGlobalSection
	GlobalSection(ExtensibilityGlobals) = postSolution
		SolutionGuid = {9717B1E2-AA7F-474F-B9C4-B27F72ED47B2}
	EndGlobalSection
EndGlobal
