
Microsoft Visual Studio Solution File, Format Version 12.00
# Visual Studio Version 17
VisualStudioVersion = 17.14.36301.6 d17.14
MinimumVisualStudioVersion = 10.0.40219.1
Project("{FAE04EC0-301F-11D3-BF4B-00C04F79EFBC}") = "Assignment One", "Assignment One.csproj", "{1270EAD2-8B71-4872-9285-918C7BB9E2D9}"
EndProject
Global
	GlobalSection(SolutionConfigurationPlatforms) = preSolution
		Debug|Any CPU = Debug|Any CPU
		Release|Any CPU = Release|Any CPU
	EndGlobalSection
	GlobalSection(ProjectConfigurationPlatforms) = postSolution
		{1270EAD2-8B71-4872-9285-918C7BB9E2D9}.Debug|Any CPU.ActiveCfg = Debug|Any CPU
		{1270EAD2-8B71-4872-9285-918C7BB9E2D9}.Debug|Any CPU.Build.0 = Debug|Any CPU
		{1270EAD2-8B71-4872-9285-918C7BB9E2D9}.Release|Any CPU.ActiveCfg = Release|Any CPU
		{1270EAD2-8B71-4872-9285-918C7BB9E2D9}.Release|Any CPU.Build.0 = Release|Any CPU
	EndGlobalSection
	GlobalSection(SolutionProperties) = preSolution
		HideSolutionNode = FALSE
	EndGlobalSection
	GlobalSection(ExtensibilityGlobals) = postSolution
		SolutionGuid = {848BB59E-B63C-44B9-880B-34E0AAB3FDCD}
	EndGlobalSection
EndGlobal
